hash: b01b4ddbd68cfa26ec2a54e8fbb8a655e028fc364a9b72d423f407b3a41c595d
updated: 2016-10-24T18:53:49.519376637+03:00
imports:
- name: github.com/dsnet/compress
  version: b9aab3c6a04eef14c56384b4ad065e7b73438862
  subpackages:
  - bzip2
  - bzip2/internal/sais
  - internal
  - internal/prefix
- name: github.com/ivaxer/go-xattr
  version: 1a541654d8e447148cf23d472c948f9f0078ac50
- name: github.com/mholt/archiver
  version: 4a8a092653655d29c8e091cf2ecf91cbe697f0de
- name: github.com/nwaples/rardecode
  version: f94841372ddc36be531a5c3e1206238e32e93d74
- name: github.com/skratchdot/open-golang
  version: 75fb7ed4208cf72d323d7d02fd1a5964a7a9073c
  subpackages:
  - open
testImports: []
